<?xml version="1.0" encoding="utf-8"?>
<Project ToolsVersion="4.0" xmlns="http://schemas.microsoft.com/developer/msbuild/2003">
  <ItemGroup>
    <ClCompile Include="Sources\DefaultConnectionTextHandler.cpp" />
    <ClCompile Include="Sources\IOClient.cpp" />
    <ClCompile Include="Sources\IOConnection.cpp" />
    <ClCompile Include="Sources\IOOverlapped.cpp" />
    <ClCompile Include="Sources\IOServer.cpp" />
    <ClCompile Include="Sources\IOWorker.cpp" />
    <ClCompile Include="Sources\Network.cpp" />
    <ClCompile Include="Sources\stdafx.cpp" />
    <ClCompile Include="Sources\NetworkExtensions.cpp" />
  </ItemGroup>
  <ItemGroup>
    <ClInclude Include="Sources\DefaultConnectionTextHandler.h" />
    <ClInclude Include="Sources\IOClient.h" />
    <ClInclude Include="Sources\IOConnection.h" />
    <ClInclude Include="Sources\IOOverlapped.h" />
    <ClInclude Include="Sources\IOServer.h" />
    <ClInclude Include="Sources\IOWorker.h" />
    <ClInclude Include="Sources\stdafx.h" />
    <ClInclude Include="Network\INetwork.h">
      <Filter>Public</Filter>
    </ClInclude>
    <ClInclude Include="Network\INetworkExtensions.h">
      <Filter>Public</Filter>
    </ClInclude>
  </ItemGroup>
  <ItemGroup>
    <Filter Include="Public">
      <UniqueIdentifier>{3c463287-5e08-456d-9c69-ab36a9d06e2f}</UniqueIdentifier>
    </Filter>
  </ItemGroup>
</Project>